
Microsoft Visual Studio Solution File, Format Version 12.00
# Visual Studio 2012
Project("{FAE04EC0-301F-11D3-BF4B-00C04F79EFBC}") = "RosettaMaker", "RosettaMaker\RosettaMaker.csproj", "{026AC216-6D8E-4C14-A0EE-A8537AAC3E93}"
EndProject
Project("{FAE04EC0-301F-11D3-BF4B-00C04F79EFBC}") = "Mono.Reflection", "mono.reflection\Mono.Reflection.csproj", "{97B010AB-0756-46DC-B75A-7A6C4F6FF28D}"
EndProject
Global
	GlobalSection(SolutionConfigurationPlatforms) = preSolution
		Debug|x86 = Debug|x86
		Release|x86 = Release|x86
	EndGlobalSection
	GlobalSection(ProjectConfigurationPlatforms) = postSolution
		{026AC216-6D8E-4C14-A0EE-A8537AAC3E93}.Debug|x86.ActiveCfg = Debug|x86
		{026AC216-6D8E-4C14-A0EE-A8537AAC3E93}.Debug|x86.Build.0 = Debug|x86
		{026AC216-6D8E-4C14-A0EE-A8537AAC3E93}.Release|x86.ActiveCfg = Release|x86
		{026AC216-6D8E-4C14-A0EE-A8537AAC3E93}.Release|x86.Build.0 = Release|x86
		{97B010AB-0756-46DC-B75A-7A6C4F6FF28D}.Debug|x86.ActiveCfg = Debug|Any CPU
		{97B010AB-0756-46DC-B75A-7A6C4F6FF28D}.Debug|x86.Build.0 = Debug|Any CPU
		{97B010AB-0756-46DC-B75A-7A6C4F6FF28D}.Release|x86.ActiveCfg = Release|Any CPU
		{97B010AB-0756-46DC-B75A-7A6C4F6FF28D}.Release|x86.Build.0 = Release|Any CPU
	EndGlobalSection
	GlobalSection(MonoDevelopProperties) = preSolution
		StartupItem = RosettaMaker\RosettaMaker.csproj
	EndGlobalSection
EndGlobal
